
Microsoft Visual Studio Solution File, Format Version 12.00
# Visual Studio Version 17
VisualStudioVersion = 17.14.36408.4 d17.14
MinimumVisualStudioVersion = 10.0.40219.1
Project("{FAE04EC0-301F-11D3-BF4B-00C04F79EFBC}") = "LoguiSueldo", "LoguiSueldo\LoguiSueldo.csproj", "{D5D70823-8DD1-4FB0-9530-DF6BC583A1C2}"
EndProject
Global
	GlobalSection(SolutionConfigurationPlatforms) = preSolution
		Debug|Any CPU = Debug|Any CPU
		Release|Any CPU = Release|Any CPU
	EndGlobalSection
	GlobalSection(ProjectConfigurationPlatforms) = postSolution
		{D5D70823-8DD1-4FB0-9530-DF6BC583A1C2}.Debug|Any CPU.ActiveCfg = Debug|Any CPU
		{D5D70823-8DD1-4FB0-9530-DF6BC583A1C2}.Debug|Any CPU.Build.0 = Debug|Any CPU
		{D5D70823-8DD1-4FB0-9530-DF6BC583A1C2}.Release|Any CPU.ActiveCfg = Release|Any CPU
		{D5D70823-8DD1-4FB0-9530-DF6BC583A1C2}.Release|Any CPU.Build.0 = Release|Any CPU
	EndGlobalSection
	GlobalSection(SolutionProperties) = preSolution
		HideSolutionNode = FALSE
	EndGlobalSection
	GlobalSection(ExtensibilityGlobals) = postSolution
		SolutionGuid = {74B22E18-C7D5-4922-983E-A0F0F5C29CD4}
	EndGlobalSection
EndGlobal
